
Microsoft Visual Studio Solution File, Format Version 12.00
# Visual Studio 2013
VisualStudioVersion = 12.0.21005.1
MinimumVisualStudioVersion = 10.0.40219.1
Project("{FAE04EC0-301F-11D3-BF4B-00C04F79EFBC}") = "Fractal.Web", "src\Fractal.Web\Fractal.Web.csproj", "{B8200CC1-E228-4B83-B2EF-A129B7CF49FE}"
EndProject
Project("{FAE04EC0-301F-11D3-BF4B-00C04F79EFBC}") = "Fractal.Tests", "src\Fractal.Tests\Fractal.Tests.csproj", "{3E1DD937-4890-40DD-9FEE-C5BD5151EA55}"
EndProject
Global
	GlobalSection(SolutionConfigurationPlatforms) = preSolution
		Debug|Any CPU = Debug|Any CPU
		Release|Any CPU = Release|Any CPU
	EndGlobalSection
	GlobalSection(ProjectConfigurationPlatforms) = postSolution
		{B8200CC1-E228-4B83-B2EF-A129B7CF49FE}.Debug|Any CPU.ActiveCfg = Debug|Any CPU
		{B8200CC1-E228-4B83-B2EF-A129B7CF49FE}.Debug|Any CPU.Build.0 = Debug|Any CPU
		{B8200CC1-E228-4B83-B2EF-A129B7CF49FE}.Release|Any CPU.ActiveCfg = Release|Any CPU
		{B8200CC1-E228-4B83-B2EF-A129B7CF49FE}.Release|Any CPU.Build.0 = Release|Any CPU
		{3E1DD937-4890-40DD-9FEE-C5BD5151EA55}.Debug|Any CPU.ActiveCfg = Debug|Any CPU
		{3E1DD937-4890-40DD-9FEE-C5BD5151EA55}.Debug|Any CPU.Build.0 = Debug|Any CPU
		{3E1DD937-4890-40DD-9FEE-C5BD5151EA55}.Release|Any CPU.ActiveCfg = Release|Any CPU
		{3E1DD937-4890-40DD-9FEE-C5BD5151EA55}.Release|Any CPU.Build.0 = Release|Any CPU
	EndGlobalSection
	GlobalSection(SolutionProperties) = preSolution
		HideSolutionNode = FALSE
	EndGlobalSection
EndGlobal
